
Microsoft Visual Studio Solution File, Format Version 12.00
# Visual Studio Version 17
VisualStudioVersion = 17.4.33205.214
MinimumVisualStudioVersion = 10.0.40219.1
Project("{FAE04EC0-301F-11D3-BF4B-00C04F79EFBC}") = "JocMemory", "JocMemory\JocMemory.csproj", "{8E2E761D-EA3E-46F1-ACA8-EEFD21BEE09C}"
EndProject
Global
	GlobalSection(SolutionConfigurationPlatforms) = preSolution
		Debug|Any CPU = Debug|Any CPU
		Release|Any CPU = Release|Any CPU
	EndGlobalSection
	GlobalSection(ProjectConfigurationPlatforms) = postSolution
		{8E2E761D-EA3E-46F1-ACA8-EEFD21BEE09C}.Debug|Any CPU.ActiveCfg = Debug|Any CPU
		{8E2E761D-EA3E-46F1-ACA8-EEFD21BEE09C}.Debug|Any CPU.Build.0 = Debug|Any CPU
		{8E2E761D-EA3E-46F1-ACA8-EEFD21BEE09C}.Release|Any CPU.ActiveCfg = Release|Any CPU
		{8E2E761D-EA3E-46F1-ACA8-EEFD21BEE09C}.Release|Any CPU.Build.0 = Release|Any CPU
	EndGlobalSection
	GlobalSection(SolutionProperties) = preSolution
		HideSolutionNode = FALSE
	EndGlobalSection
	GlobalSection(ExtensibilityGlobals) = postSolution
		SolutionGuid = {2E0C3505-87EF-44D2-9574-4E93AB7963BE}
	EndGlobalSection
EndGlobal
